
Microsoft Visual Studio Solution File, Format Version 12.00
# Visual Studio Version 17
VisualStudioVersion = 17.2.32602.215
MinimumVisualStudioVersion = 10.0.40219.1
Project("{9A19103F-16F7-4668-BE54-9A1E7A4F7556}") = "AspNetCore.Identity.CosmosDb", "AspNetCore.Identity.CosmosDb\AspNetCore.Identity.CosmosDb.csproj", "{12186667-B247-4A53-BCA4-3A440C73E6DB}"
EndProject
Project("{9A19103F-16F7-4668-BE54-9A1E7A4F7556}") = "AspNetCore.Identity.CosmosDb.Tests", "AspNetCore.Identity.CosmosDb.Tests\AspNetCore.Identity.CosmosDb.Tests.csproj", "{BB763169-B77A-4979-9B9B-CFEA0E151F59}"
EndProject
Project("{FAE04EC0-301F-11D3-BF4B-00C04F79EFBC}") = "AspNetCore.Identity.Test", "AspNetCore.Identity.Test\AspNetCore.Identity.Test.csproj", "{2CD9434E-1B82-4EDE-88E0-101E71AB55BE}"
EndProject
Global
	GlobalSection(SolutionConfigurationPlatforms) = preSolution
		Debug|Any CPU = Debug|Any CPU
		Release|Any CPU = Release|Any CPU
	EndGlobalSection
	GlobalSection(ProjectConfigurationPlatforms) = postSolution
		{12186667-B247-4A53-BCA4-3A440C73E6DB}.Debug|Any CPU.ActiveCfg = Debug|Any CPU
		{12186667-B247-4A53-BCA4-3A440C73E6DB}.Debug|Any CPU.Build.0 = Debug|Any CPU
		{12186667-B247-4A53-BCA4-3A440C73E6DB}.Release|Any CPU.ActiveCfg = Release|Any CPU
		{12186667-B247-4A53-BCA4-3A440C73E6DB}.Release|Any CPU.Build.0 = Release|Any CPU
		{BB763169-B77A-4979-9B9B-CFEA0E151F59}.Debug|Any CPU.ActiveCfg = Debug|Any CPU
		{BB763169-B77A-4979-9B9B-CFEA0E151F59}.Debug|Any CPU.Build.0 = Debug|Any CPU
		{BB763169-B77A-4979-9B9B-CFEA0E151F59}.Release|Any CPU.ActiveCfg = Release|Any CPU
		{BB763169-B77A-4979-9B9B-CFEA0E151F59}.Release|Any CPU.Build.0 = Release|Any CPU
		{2CD9434E-1B82-4EDE-88E0-101E71AB55BE}.Debug|Any CPU.ActiveCfg = Debug|Any CPU
		{2CD9434E-1B82-4EDE-88E0-101E71AB55BE}.Debug|Any CPU.Build.0 = Debug|Any CPU
		{2CD9434E-1B82-4EDE-88E0-101E71AB55BE}.Release|Any CPU.ActiveCfg = Release|Any CPU
		{2CD9434E-1B82-4EDE-88E0-101E71AB55BE}.Release|Any CPU.Build.0 = Release|Any CPU
	EndGlobalSection
	GlobalSection(SolutionProperties) = preSolution
		HideSolutionNode = FALSE
	EndGlobalSection
	GlobalSection(ExtensibilityGlobals) = postSolution
		SolutionGuid = {EDAB300B-4B83-4017-824D-B24829F401D3}
	EndGlobalSection
EndGlobal
